// !$*UTF8*$!
{
	archiveVersion = 1;
	classes = {
	};
	objectVersion = 56;
	objects = {

/* Begin PBXBuildFile section */
		B86EE0BC2C7F74B600F86E3B /* LandmarksApp.swift in Sources */ = {isa = PBXBuildFile; fileRef = B86EE0BB2C7F74B600F86E3B /* LandmarksApp.swift */; };
		B86EE0BE2C7F74B600F86E3B /* ContentView.swift in Sources */ = {isa = PBXBuildFile; fileRef = B86EE0BD2C7F74B600F86E3B /* ContentView.swift */; };
		B86EE0C02C7F74BC00F86E3B /* Assets.xcassets in Resources */ = {isa = PBXBuildFile; fileRef = B86EE0BF2C7F74BC00F86E3B /* Assets.xcassets */; };
		B86EE0C32C7F74BC00F86E3B /* Preview Assets.xcassets in Resources */ = {isa = PBXBuildFile; fileRef = B86EE0C22C7F74BC00F86E3B /* Preview Assets.xcassets */; };
		B86EE0CD2C7F74BD00F86E3B /* LandmarksTests.swift in Sources */ = {isa = PBXBuildFile; fileRef = B86EE0CC2C7F74BD00F86E3B /* LandmarksTests.swift */; };
		B86EE0D72C7F74BD00F86E3B /* LandmarksUITests.swift in Sources */ = {isa = PBXBuildFile; fileRef = B86EE0D62C7F74BD00F86E3B /* LandmarksUITests.swift */; };
		B86EE0D92C7F74BD00F86E3B /* LandmarksUITestsLaunchTests.swift in Sources */ = {isa = PBXBuildFile; fileRef = B86EE0D82C7F74BD00F86E3B /* LandmarksUITestsLaunchTests.swift */; };
		B8A843AD2C80829D0018AC0D /* CircleImage.swift in Sources */ = {isa = PBXBuildFile; fileRef = B8A843AC2C80829D0018AC0D /* CircleImage.swift */; };
		B8A843AF2C8084490018AC0D /* MapView.swift in Sources */ = {isa = PBXBuildFile; fileRef = B8A843AE2C8084490018AC0D /* MapView.swift */; };
		B8A843B12C808AAC0018AC0D /* landmarkData.json in Resources */ = {isa = PBXBuildFile; fileRef = B8A843B02C808AAC0018AC0D /* landmarkData.json */; };
		B8A843B32C808B010018AC0D /* Landmark.swift in Sources */ = {isa = PBXBuildFile; fileRef = B8A843B22C808B010018AC0D /* Landmark.swift */; };
		B8A843B52C80A0740018AC0D /* ModelData.swift in Sources */ = {isa = PBXBuildFile; fileRef = B8A843B42C80A0740018AC0D /* ModelData.swift */; };
		B8A843BA2C80C8AC0018AC0D /* landmarkRowItem.swift in Sources */ = {isa = PBXBuildFile; fileRef = B8A843B92C80C8AC0018AC0D /* landmarkRowItem.swift */; };
		B8A843BC2C80CEEE0018AC0D /* landmarkList.swift in Sources */ = {isa = PBXBuildFile; fileRef = B8A843BB2C80CEEE0018AC0D /* landmarkList.swift */; };
		B8A843BE2C80D1C70018AC0D /* landmarkDetail.swift in Sources */ = {isa = PBXBuildFile; fileRef = B8A843BD2C80D1C70018AC0D /* landmarkDetail.swift */; };
/* End PBXBuildFile section */

/* Begin PBXContainerItemProxy section */
		B86EE0C92C7F74BD00F86E3B /* PBXContainerItemProxy */ = {
			isa = PBXContainerItemProxy;
			containerPortal = B86EE0B02C7F74B600F86E3B /* Project object */;
			proxyType = 1;
			remoteGlobalIDString = B86EE0B72C7F74B600F86E3B;
			remoteInfo = Landmarks;
		};
		B86EE0D32C7F74BD00F86E3B /* PBXContainerItemProxy */ = {
			isa = PBXContainerItemProxy;
			containerPortal = B86EE0B02C7F74B600F86E3B /* Project object */;
			proxyType = 1;
			remoteGlobalIDString = B86EE0B72C7F74B600F86E3B;
			remoteInfo = Landmarks;
		};
/* End PBXContainerItemProxy section */

/* Begin PBXFileReference section */
		B86EE0B82C7F74B600F86E3B /* Landmarks.app */ = {isa = PBXFileReference; explicitFileType = wrapper.application; includeInIndex = 0; path = Landmarks.app; sourceTree = BUILT_PRODUCTS_DIR; };
		B86EE0BB2C7F74B600F86E3B /* LandmarksApp.swift */ = {isa = PBXFileReference; lastKnownFileType = sourcecode.swift; path = LandmarksApp.swift; sourceTree = "<group>"; };
		B86EE0BD2C7F74B600F86E3B /* ContentView.swift */ = {isa = PBXFileReference; lastKnownFileType = sourcecode.swift; path = ContentView.swift; sourceTree = "<group>"; };
		B86EE0BF2C7F74BC00F86E3B /* Assets.xcassets */ = {isa = PBXFileReference; lastKnownFileType = folder.assetcatalog; path = Assets.xcassets; sourceTree = "<group>"; };
		B86EE0C22C7F74BC00F86E3B /* Preview Assets.xcassets */ = {isa = PBXFileReference; lastKnownFileType = folder.assetcatalog; path = "Preview Assets.xcassets"; sourceTree = "<group>"; };
		B86EE0C82C7F74BD00F86E3B /* LandmarksTests.xctest */ = {isa = PBXFileReference; explicitFileType = wrapper.cfbundle; includeInIndex = 0; path = LandmarksTests.xctest; sourceTree = BUILT_PRODUCTS_DIR; };
		B86EE0CC2C7F74BD00F86E3B /* LandmarksTests.swift */ = {isa = PBXFileReference; lastKnownFileType = sourcecode.swift; path = LandmarksTests.swift; sourceTree = "<group>"; };
		B86EE0D22C7F74BD00F86E3B /* LandmarksUITests.xctest */ = {isa = PBXFileReference; explicitFileType = wrapper.cfbundle; includeInIndex = 0; path = LandmarksUITests.xctest; sourceTree = BUILT_PRODUCTS_DIR; };
		B86EE0D62C7F74BD00F86E3B /* LandmarksUITests.swift */ = {isa = PBXFileReference; lastKnownFileType = sourcecode.swift; path = LandmarksUITests.swift; sourceTree = "<group>"; };
		B86EE0D82C7F74BD00F86E3B /* LandmarksUITestsLaunchTests.swift */ = {isa = PBXFileReference; lastKnownFileType = sourcecode.swift; path = LandmarksUITestsLaunchTests.swift; sourceTree = "<group>"; };
		B8A843AC2C80829D0018AC0D /* CircleImage.swift */ = {isa = PBXFileReference; lastKnownFileType = sourcecode.swift; path = CircleImage.swift; sourceTree = "<group>"; };
		B8A843AE2C8084490018AC0D /* MapView.swift */ = {isa = PBXFileReference; lastKnownFileType = sourcecode.swift; path = MapView.swift; sourceTree = "<group>"; };
		B8A843B02C808AAC0018AC0D /* landmarkData.json */ = {isa = PBXFileReference; fileEncoding = 4; lastKnownFileType = text.json; path = landmarkData.json; sourceTree = "<group>"; };
		B8A843B22C808B010018AC0D /* Landmark.swift */ = {isa = PBXFileReference; lastKnownFileType = sourcecode.swift; path = Landmark.swift; sourceTree = "<group>"; };
		B8A843B42C80A0740018AC0D /* ModelData.swift */ = {isa = PBXFileReference; lastKnownFileType = sourcecode.swift; path = ModelData.swift; sourceTree = "<group>"; };
		B8A843B92C80C8AC0018AC0D /* landmarkRowItem.swift */ = {isa = PBXFileReference; lastKnownFileType = sourcecode.swift; path = landmarkRowItem.swift; sourceTree = "<group>"; };
		B8A843BB2C80CEEE0018AC0D /* landmarkList.swift */ = {isa = PBXFileReference; lastKnownFileType = sourcecode.swift; path = landmarkList.swift; sourceTree = "<group>"; };
		B8A843BD2C80D1C70018AC0D /* landmarkDetail.swift */ = {isa = PBXFileReference; lastKnownFileType = sourcecode.swift; path = landmarkDetail.swift; sourceTree = "<group>"; };
/* End PBXFileReference section */

/* Begin PBXFrameworksBuildPhase section */
		B86EE0B52C7F74B600F86E3B /* Frameworks */ = {
			isa = PBXFrameworksBuildPhase;
			buildActionMask = 2147483647;
			files = (
			);
			runOnlyForDeploymentPostprocessing = 0;
		};
		B86EE0C52C7F74BD00F86E3B /* Frameworks */ = {
			isa = PBXFrameworksBuildPhase;
			buildActionMask = 2147483647;
			files = (
			);
			runOnlyForDeploymentPostprocessing = 0;
		};
		B86EE0CF2C7F74BD00F86E3B /* Frameworks */ = {
			isa = PBXFrameworksBuildPhase;
			buildActionMask = 2147483647;
			files = (
			);
			runOnlyForDeploymentPostprocessing = 0;
		};
/* End PBXFrameworksBuildPhase section */

/* Begin PBXGroup section */
		B86EE0AF2C7F74B600F86E3B = {
			isa = PBXGroup;
			children = (
				B86EE0BA2C7F74B600F86E3B /* Landmarks */,
				B86EE0CB2C7F74BD00F86E3B /* LandmarksTests */,
				B86EE0D52C7F74BD00F86E3B /* LandmarksUITests */,
				B86EE0B92C7F74B600F86E3B /* Products */,
			);
			sourceTree = "<group>";
		};
		B86EE0B92C7F74B600F86E3B /* Products */ = {
			isa = PBXGroup;
			children = (
				B86EE0B82C7F74B600F86E3B /* Landmarks.app */,
				B86EE0C82C7F74BD00F86E3B /* LandmarksTests.xctest */,
				B86EE0D22C7F74BD00F86E3B /* LandmarksUITests.xctest */,
			);
			name = Products;
			sourceTree = "<group>";
		};
		B86EE0BA2C7F74B600F86E3B /* Landmarks */ = {
			isa = PBXGroup;
			children = (
				B86EE0BF2C7F74BC00F86E3B /* Assets.xcassets */,
				B86EE0BB2C7F74B600F86E3B /* LandmarksApp.swift */,
				B8A843B62C80A9A80018AC0D /* Views */,
				B8A843B82C80A9ED0018AC0D /* Model */,
				B8A843B72C80A9D20018AC0D /* Resources */,
				B86EE0C12C7F74BC00F86E3B /* Preview Content */,
			);
			path = Landmarks;
			sourceTree = "<group>";
		};
		B86EE0C12C7F74BC00F86E3B /* Preview Content */ = {
			isa = PBXGroup;
			children = (
			);
			path = "Preview Content";
			sourceTree = "<group>";
		};
		B86EE0CB2C7F74BD00F86E3B /* LandmarksTests */ = {
			isa = PBXGroup;
			children = (
				B86EE0CC2C7F74BD00F86E3B /* LandmarksTests.swift */,
			);
			path = LandmarksTests;
			sourceTree = "<group>";
		};
		B86EE0D52C7F74BD00F86E3B /* LandmarksUITests */ = {
			isa = PBXGroup;
			children = (
				B86EE0D62C7F74BD00F86E3B /* LandmarksUITests.swift */,
				B86EE0D82C7F74BD00F86E3B /* LandmarksUITestsLaunchTests.swift */,
			);
			path = LandmarksUITests;
			sourceTree = "<group>";
		};
		B8A843B62C80A9A80018AC0D /* Views */ = {
			isa = PBXGroup;
			children = (
				B8A843AE2C8084490018AC0D /* MapView.swift */,
				B8A843AC2C80829D0018AC0D /* CircleImage.swift */,
				B86EE0BD2C7F74B600F86E3B /* ContentView.swift */,
				B8A843B92C80C8AC0018AC0D /* landmarkRowItem.swift */,
				B8A843BB2C80CEEE0018AC0D /* landmarkList.swift */,
				B8A843BD2C80D1C70018AC0D /* landmarkDetail.swift */,
			);
			path = Views;
			sourceTree = "<group>";
		};
		B8A843B72C80A9D20018AC0D /* Resources */ = {
			isa = PBXGroup;
			children = (
				B8A843B02C808AAC0018AC0D /* landmarkData.json */,
			);
			path = Resources;
			sourceTree = "<group>";
		};
		B8A843B82C80A9ED0018AC0D /* Model */ = {
			isa = PBXGroup;
			children = (
				B86EE0C22C7F74BC00F86E3B /* Preview Assets.xcassets */,
				B8A843B42C80A0740018AC0D /* ModelData.swift */,
				B8A843B22C808B010018AC0D /* Landmark.swift */,
			);
			path = Model;
			sourceTree = "<group>";
		};
/* End PBXGroup section */

/* Begin PBXNativeTarget section */
		B86EE0B72C7F74B600F86E3B /* Landmarks */ = {
			isa = PBXNativeTarget;
			buildConfigurationList = B86EE0DC2C7F74BD00F86E3B /* Build configuration list for PBXNativeTarget "Landmarks" */;
			buildPhases = (
				B86EE0B42C7F74B600F86E3B /* Sources */,
				B86EE0B52C7F74B600F86E3B /* Frameworks */,
				B86EE0B62C7F74B600F86E3B /* Resources */,
			);
			buildRules = (
			);
			dependencies = (
			);
			name = Landmarks;
			productName = Landmarks;
			productReference = B86EE0B82C7F74B600F86E3B /* Landmarks.app */;
			productType = "com.apple.product-type.application";
		};
		B86EE0C72C7F74BD00F86E3B /* LandmarksTests */ = {
			isa = PBXNativeTarget;
			buildConfigurationList = B86EE0DF2C7F74BD00F86E3B /* Build configuration list for PBXNativeTarget "LandmarksTests" */;
			buildPhases = (
				B86EE0C42C7F74BD00F86E3B /* Sources */,
				B86EE0C52C7F74BD00F86E3B /* Frameworks */,
				B86EE0C62C7F74BD00F86E3B /* Resources */,
			);
			buildRules = (
			);
			dependencies = (
				B86EE0CA2C7F74BD00F86E3B /* PBXTargetDependency */,
			);
			name = LandmarksTests;
			productName = LandmarksTests;
			productReference = B86EE0C82C7F74BD00F86E3B /* LandmarksTests.xctest */;
			productType = "com.apple.product-type.bundle.unit-test";
		};
		B86EE0D12C7F74BD00F86E3B /* LandmarksUITests */ = {
			isa = PBXNativeTarget;
			buildConfigurationList = B86EE0E22C7F74BD00F86E3B /* Build configuration list for PBXNativeTarget "LandmarksUITests" */;
			buildPhases = (
				B86EE0CE2C7F74BD00F86E3B /* Sources */,
				B86EE0CF2C7F74BD00F86E3B /* Frameworks */,
				B86EE0D02C7F74BD00F86E3B /* Resources */,
			);
			buildRules = (
			);
			dependencies = (
				B86EE0D42C7F74BD00F86E3B /* PBXTargetDependency */,
			);
			name = LandmarksUITests;
			productName = LandmarksUITests;
			productReference = B86EE0D22C7F74BD00F86E3B /* LandmarksUITests.xctest */;
			productType = "com.apple.product-type.bundle.ui-testing";
		};
/* End PBXNativeTarget section */

/* Begin PBXProject section */
		B86EE0B02C7F74B600F86E3B /* Project object */ = {
			isa = PBXProject;
			attributes = {
				BuildIndependentTargetsInParallel = 1;
				LastSwiftUpdateCheck = 1540;
				LastUpgradeCheck = 1540;
				TargetAttributes = {
					B86EE0B72C7F74B600F86E3B = {
						CreatedOnToolsVersion = 15.4;
					};
					B86EE0C72C7F74BD00F86E3B = {
						CreatedOnToolsVersion = 15.4;
						TestTargetID = B86EE0B72C7F74B600F86E3B;
					};
					B86EE0D12C7F74BD00F86E3B = {
						CreatedOnToolsVersion = 15.4;
						TestTargetID = B86EE0B72C7F74B600F86E3B;
					};
				};
			};
			buildConfigurationList = B86EE0B32C7F74B600F86E3B /* Build configuration list for PBXProject "Landmarks" */;
			compatibilityVersion = "Xcode 14.0";
			developmentRegion = en;
			hasScannedForEncodings = 0;
			knownRegions = (
				en,
				Base,
			);
			mainGroup = B86EE0AF2C7F74B600F86E3B;
			productRefGroup = B86EE0B92C7F74B600F86E3B /* Products */;
			projectDirPath = "";
			projectRoot = "";
			targets = (
				B86EE0B72C7F74B600F86E3B /* Landmarks */,
				B86EE0C72C7F74BD00F86E3B /* LandmarksTests */,
				B86EE0D12C7F74BD00F86E3B /* LandmarksUITests */,
			);
		};
/* End PBXProject section */

/* Begin PBXResourcesBuildPhase section */
		B86EE0B62C7F74B600F86E3B /* Resources */ = {
			isa = PBXResourcesBuildPhase;
			buildActionMask = 2147483647;
			files = (
				B86EE0C32C7F74BC00F86E3B /* Preview Assets.xcassets in Resources */,
				B86EE0C02C7F74BC00F86E3B /* Assets.xcassets in Resources */,
				B8A843B12C808AAC0018AC0D /* landmarkData.json in Resources */,
			);
			runOnlyForDeploymentPostprocessing = 0;
		};
		B86EE0C62C7F74BD00F86E3B /* Resources */ = {
			isa = PBXResourcesBuildPhase;
			buildActionMask = 2147483647;
			files = (
			);
			runOnlyForDeploymentPostprocessing = 0;
		};
		B86EE0D02C7F74BD00F86E3B /* Resources */ = {
			isa = PBXResourcesBuildPhase;
			buildActionMask = 2147483647;
			files = (
			);
			runOnlyForDeploymentPostprocessing = 0;
		};
/* End PBXResourcesBuildPhase section */

/* Begin PBXSourcesBuildPhase section */
		B86EE0B42C7F74B600F86E3B /* Sources */ = {
			isa = PBXSourcesBuildPhase;
			buildActionMask = 2147483647;
			files = (
				B8A843BA2C80C8AC0018AC0D /* landmarkRowItem.swift in Sources */,
				B86EE0BE2C7F74B600F86E3B /* ContentView.swift in Sources */,
				B8A843AF2C8084490018AC0D /* MapView.swift in Sources */,
				B8A843BC2C80CEEE0018AC0D /* landmarkList.swift in Sources */,
				B86EE0BC2C7F74B600F86E3B /* LandmarksApp.swift in Sources */,
				B8A843AD2C80829D0018AC0D /* CircleImage.swift in Sources */,
				B8A843BE2C80D1C70018AC0D /* landmarkDetail.swift in Sources */,
				B8A843B32C808B010018AC0D /* Landmark.swift in Sources */,
				B8A843B52C80A0740018AC0D /* ModelData.swift in Sources */,
			);
			runOnlyForDeploymentPostprocessing = 0;
		};
		B86EE0C42C7F74BD00F86E3B /* Sources */ = {
			isa = PBXSourcesBuildPhase;
			buildActionMask = 2147483647;
			files = (
				B86EE0CD2C7F74BD00F86E3B /* LandmarksTests.swift in Sources */,
			);
			runOnlyForDeploymentPostprocessing = 0;
		};
		B86EE0CE2C7F74BD00F86E3B /* Sources */ = {
			isa = PBXSourcesBuildPhase;
			buildActionMask = 2147483647;
			files = (
				B86EE0D92C7F74BD00F86E3B /* LandmarksUITestsLaunchTests.swift in Sources */,
				B86EE0D72C7F74BD00F86E3B /* LandmarksUITests.swift in Sources */,
			);
			runOnlyForDeploymentPostprocessing = 0;
		};
/* End PBXSourcesBuildPhase section */

/* Begin PBXTargetDependency section */
		B86EE0CA2C7F74BD00F86E3B /* PBXTargetDependency */ = {
			isa = PBXTargetDependency;
			target = B86EE0B72C7F74B600F86E3B /* Landmarks */;
			targetProxy = B86EE0C92C7F74BD00F86E3B /* PBXContainerItemProxy */;
		};
		B86EE0D42C7F74BD00F86E3B /* PBXTargetDependency */ = {
			isa = PBXTargetDependency;
			target = B86EE0B72C7F74B600F86E3B /* Landmarks */;
			targetProxy = B86EE0D32C7F74BD00F86E3B /* PBXContainerItemProxy */;
		};
/* End PBXTargetDependency section */

/* Begin XCBuildConfiguration section */
		B86EE0DA2C7F74BD00F86E3B /* Debug */ = {
			isa = XCBuildConfiguration;
			buildSettings = {
				ALWAYS_SEARCH_USER_PATHS = NO;
				ASSETCATALOG_COMPILER_GENERATE_SWIFT_ASSET_SYMBOL_EXTENSIONS = YES;
				CLANG_ANALYZER_NONNULL = YES;
				CLANG_ANALYZER_NUMBER_OBJECT_CONVERSION = YES_AGGRESSIVE;
				CLANG_CXX_LANGUAGE_STANDARD = "gnu++20";
				CLANG_ENABLE_MODULES = YES;
				CLANG_ENABLE_OBJC_ARC = YES;
				CLANG_ENABLE_OBJC_WEAK = YES;
				CLANG_WARN_BLOCK_CAPTURE_AUTORELEASING = YES;
				CLANG_WARN_BOOL_CONVERSION = YES;
				CLANG_WARN_COMMA = YES;
				CLANG_WARN_CONSTANT_CONVERSION = YES;
				CLANG_WARN_DEPRECATED_OBJC_IMPLEMENTATIONS = YES;
				CLANG_WARN_DIRECT_OBJC_ISA_USAGE = YES_ERROR;
				CLANG_WARN_DOCUMENTATION_COMMENTS = YES;
				CLANG_WARN_EMPTY_BODY = YES;
				CLANG_WARN_ENUM_CONVERSION = YES;
				CLANG_WARN_INFINITE_RECURSION = YES;
				CLANG_WARN_INT_CONVERSION = YES;
				CLANG_WARN_NON_LITERAL_NULL_CONVERSION = YES;
				CLANG_WARN_OBJC_IMPLICIT_RETAIN_SELF = YES;
				CLANG_WARN_OBJC_LITERAL_CONVERSION = YES;
				CLANG_WARN_OBJC_ROOT_CLASS = YES_ERROR;
				CLANG_WARN_QUOTED_INCLUDE_IN_FRAMEWORK_HEADER = YES;
				CLANG_WARN_RANGE_LOOP_ANALYSIS = YES;
				CLANG_WARN_STRICT_PROTOTYPES = YES;
				CLANG_WARN_SUSPICIOUS_MOVE = YES;
				CLANG_WARN_UNGUARDED_AVAILABILITY = YES_AGGRESSIVE;
				CLANG_WARN_UNREACHABLE_CODE = YES;
				CLANG_WARN__DUPLICATE_METHOD_MATCH = YES;
				COPY_PHASE_STRIP = NO;
				DEBUG_INFORMATION_FORMAT = dwarf;
				ENABLE_STRICT_OBJC_MSGSEND = YES;
				ENABLE_TESTABILITY = YES;
				ENABLE_USER_SCRIPT_SANDBOXING = YES;
				GCC_C_LANGUAGE_STANDARD = gnu17;
				GCC_DYNAMIC_NO_PIC = NO;
				GCC_NO_COMMON_BLOCKS = YES;
				GCC_OPTIMIZATION_LEVEL = 0;
				GCC_PREPROCESSOR_DEFINITIONS = (
					"DEBUG=1",
					"$(inherited)",
				);
				GCC_WARN_64_TO_32_BIT_CONVERSION = YES;
				GCC_WARN_ABOUT_RETURN_TYPE = YES_ERROR;
				GCC_WARN_UNDECLARED_SELECTOR = YES;
				GCC_WARN_UNINITIALIZED_AUTOS = YES_AGGRESSIVE;
				GCC_WARN_UNUSED_FUNCTION = YES;
				GCC_WARN_UNUSED_VARIABLE = YES;
				IPHONEOS_DEPLOYMENT_TARGET = 17.5;
				LOCALIZATION_PREFERS_STRING_CATALOGS = YES;
				MTL_ENABLE_DEBUG_INFO = INCLUDE_SOURCE;
				MTL_FAST_MATH = YES;
				ONLY_ACTIVE_ARCH = YES;
				SDKROOT = iphoneos;
				SWIFT_ACTIVE_COMPILATION_CONDITIONS = "DEBUG $(inherited)";
				SWIFT_OPTIMIZATION_LEVEL = "-Onone";
			};
			name = Debug;
		};
		B86EE0DB2C7F74BD00F86E3B /* Release */ = {
			isa = XCBuildConfiguration;
			buildSettings = {
				ALWAYS_SEARCH_USER_PATHS = NO;
				ASSETCATALOG_COMPILER_GENERATE_SWIFT_ASSET_SYMBOL_EXTENSIONS = YES;
				CLANG_ANALYZER_NONNULL = YES;
				CLANG_ANALYZER_NUMBER_OBJECT_CONVERSION = YES_AGGRESSIVE;
				CLANG_CXX_LANGUAGE_STANDARD = "gnu++20";
				CLANG_ENABLE_MODULES = YES;
				CLANG_ENABLE_OBJC_ARC = YES;
				CLANG_ENABLE_OBJC_WEAK = YES;
				CLANG_WARN_BLOCK_CAPTURE_AUTORELEASING = YES;
				CLANG_WARN_BOOL_CONVERSION = YES;
				CLANG_WARN_COMMA = YES;
				CLANG_WARN_CONSTANT_CONVERSION = YES;
				CLANG_WARN_DEPRECATED_OBJC_IMPLEMENTATIONS = YES;
				CLANG_WARN_DIRECT_OBJC_ISA_USAGE = YES_ERROR;
				CLANG_WARN_DOCUMENTATION_COMMENTS = YES;
				CLANG_WARN_EMPTY_BODY = YES;
				CLANG_WARN_ENUM_CONVERSION = YES;
				CLANG_WARN_INFINITE_RECURSION = YES;
				CLANG_WARN_INT_CONVERSION = YES;
				CLANG_WARN_NON_LITERAL_NULL_CONVERSION = YES;
				CLANG_WARN_OBJC_IMPLICIT_RETAIN_SELF = YES;
				CLANG_WARN_OBJC_LITERAL_CONVERSION = YES;
				CLANG_WARN_OBJC_ROOT_CLASS = YES_ERROR;
				CLANG_WARN_QUOTED_INCLUDE_IN_FRAMEWORK_HEADER = YES;
				CLANG_WARN_RANGE_LOOP_ANALYSIS = YES;
				CLANG_WARN_STRICT_PROTOTYPES = YES;
				CLANG_WARN_SUSPICIOUS_MOVE = YES;
				CLANG_WARN_UNGUARDED_AVAILABILITY = YES_AGGRESSIVE;
				CLANG_WARN_UNREACHABLE_CODE = YES;
				CLANG_WARN__DUPLICATE_METHOD_MATCH = YES;
				COPY_PHASE_STRIP = NO;
				DEBUG_INFORMATION_FORMAT = "dwarf-with-dsym";
				ENABLE_NS_ASSERTIONS = NO;
				ENABLE_STRICT_OBJC_MSGSEND = YES;
				ENABLE_USER_SCRIPT_SANDBOXING = YES;
				GCC_C_LANGUAGE_STANDARD = gnu17;
				GCC_NO_COMMON_BLOCKS = YES;
				GCC_WARN_64_TO_32_BIT_CONVERSION = YES;
				GCC_WARN_ABOUT_RETURN_TYPE = YES_ERROR;
				GCC_WARN_UNDECLARED_SELECTOR = YES;
				GCC_WARN_UNINITIALIZED_AUTOS = YES_AGGRESSIVE;
				GCC_WARN_UNUSED_FUNCTION = YES;
				GCC_WARN_UNUSED_VARIABLE = YES;
				IPHONEOS_DEPLOYMENT_TARGET = 17.5;
				LOCALIZATION_PREFERS_STRING_CATALOGS = YES;
				MTL_ENABLE_DEBUG_INFO = NO;
				MTL_FAST_MATH = YES;
				SDKROOT = iphoneos;
				SWIFT_COMPILATION_MODE = wholemodule;
				VALIDATE_PRODUCT = YES;
			};
			name = Release;
		};
		B86EE0DD2C7F74BD00F86E3B /* Debug */ = {
			isa = XCBuildConfiguration;
			buildSettings = {
				ASSETCATALOG_COMPILER_APPICON_NAME = AppIcon;
				ASSETCATALOG_COMPILER_GLOBAL_ACCENT_COLOR_NAME = AccentColor;
				CODE_SIGN_STYLE = Automatic;
				CURRENT_PROJECT_VERSION = 1;
				DEVELOPMENT_ASSET_PATHS = "\"Landmarks/Preview Content\"";
				DEVELOPMENT_TEAM = K5Z7TM9J83;
				ENABLE_PREVIEWS = YES;
				GENERATE_INFOPLIST_FILE = YES;
				INFOPLIST_KEY_UIApplicationSceneManifest_Generation = YES;
				INFOPLIST_KEY_UIApplicationSupportsIndirectInputEvents = YES;
				INFOPLIST_KEY_UILaunchScreen_Generation = YES;
				INFOPLIST_KEY_UISupportedInterfaceOrientations_iPad = "UIInterfaceOrientationPortrait UIInterfaceOrientationPortraitUpsideDown UIInterfaceOrientationLandscapeLeft UIInterfaceOrientationLandscapeRight";
				INFOPLIST_KEY_UISupportedInterfaceOrientations_iPhone = "UIInterfaceOrientationPortrait UIInterfaceOrientationLandscapeLeft UIInterfaceOrientationLandscapeRight";
				LD_RUNPATH_SEARCH_PATHS = (
					"$(inherited)",
					"@executable_path/Frameworks",
				);
				MARKETING_VERSION = 1.0;
				PRODUCT_BUNDLE_IDENTIFIER = com.learning.landmarks.Landmarks;
				PRODUCT_NAME = "$(TARGET_NAME)";
				SWIFT_EMIT_LOC_STRINGS = YES;
				SWIFT_VERSION = 5.0;
				TARGETED_DEVICE_FAMILY = "1,2";
			};
			name = Debug;
		};
		B86EE0DE2C7F74BD00F86E3B /* Release */ = {
			isa = XCBuildConfiguration;
			buildSettings = {
				ASSETCATALOG_COMPILER_APPICON_NAME = AppIcon;
				ASSETCATALOG_COMPILER_GLOBAL_ACCENT_COLOR_NAME = AccentColor;
				CODE_SIGN_STYLE = Automatic;
				CURRENT_PROJECT_VERSION = 1;
				DEVELOPMENT_ASSET_PATHS = "\"Landmarks/Preview Content\"";
				DEVELOPMENT_TEAM = K5Z7TM9J83;
				ENABLE_PREVIEWS = YES;
				GENERATE_INFOPLIST_FILE = YES;
				INFOPLIST_KEY_UIApplicationSceneManifest_Generation = YES;
				INFOPLIST_KEY_UIApplicationSupportsIndirectInputEvents = YES;
				INFOPLIST_KEY_UILaunchScreen_Generation = YES;
				INFOPLIST_KEY_UISupportedInterfaceOrientations_iPad = "UIInterfaceOrientationPortrait UIInterfaceOrientationPortraitUpsideDown UIInterfaceOrientationLandscapeLeft UIInterfaceOrientationLandscapeRight";
				INFOPLIST_KEY_UISupportedInterfaceOrientations_iPhone = "UIInterfaceOrientationPortrait UIInterfaceOrientationLandscapeLeft UIInterfaceOrientationLandscapeRight";
				LD_RUNPATH_SEARCH_PATHS = (
					"$(inherited)",
					"@executable_path/Frameworks",
				);
				MARKETING_VERSION = 1.0;
				PRODUCT_BUNDLE_IDENTIFIER = com.learning.landmarks.Landmarks;
				PRODUCT_NAME = "$(TARGET_NAME)";
				SWIFT_EMIT_LOC_STRINGS = YES;
				SWIFT_VERSION = 5.0;
				TARGETED_DEVICE_FAMILY = "1,2";
			};
			name = Release;
		};
		B86EE0E02C7F74BD00F86E3B /* Debug */ = {
			isa = XCBuildConfiguration;
			buildSettings = {
				ALWAYS_EMBED_SWIFT_STANDARD_LIBRARIES = YES;
				BUNDLE_LOADER = "$(TEST_HOST)";
				CODE_SIGN_STYLE = Automatic;
				CURRENT_PROJECT_VERSION = 1;
				GENERATE_INFOPLIST_FILE = YES;
				IPHONEOS_DEPLOYMENT_TARGET = 17.5;
				MARKETING_VERSION = 1.0;
				PRODUCT_BUNDLE_IDENTIFIER = com.learning.landmarks.LandmarksTests;
				PRODUCT_NAME = "$(TARGET_NAME)";
				SWIFT_EMIT_LOC_STRINGS = NO;
				SWIFT_VERSION = 5.0;
				TARGETED_DEVICE_FAMILY = "1,2";
				TEST_HOST = "$(BUILT_PRODUCTS_DIR)/Landmarks.app/$(BUNDLE_EXECUTABLE_FOLDER_PATH)/Landmarks";
			};
			name = Debug;
		};
		B86EE0E12C7F74BD00F86E3B /* Release */ = {
			isa = XCBuildConfiguration;
			buildSettings = {
				ALWAYS_EMBED_SWIFT_STANDARD_LIBRARIES = YES;
				BUNDLE_LOADER = "$(TEST_HOST)";
				CODE_SIGN_STYLE = Automatic;
				CURRENT_PROJECT_VERSION = 1;
				GENERATE_INFOPLIST_FILE = YES;
				IPHONEOS_DEPLOYMENT_TARGET = 17.5;
				MARKETING_VERSION = 1.0;
				PRODUCT_BUNDLE_IDENTIFIER = com.learning.landmarks.LandmarksTests;
				PRODUCT_NAME = "$(TARGET_NAME)";
				SWIFT_EMIT_LOC_STRINGS = NO;
				SWIFT_VERSION = 5.0;
				TARGETED_DEVICE_FAMILY = "1,2";
				TEST_HOST = "$(BUILT_PRODUCTS_DIR)/Landmarks.app/$(BUNDLE_EXECUTABLE_FOLDER_PATH)/Landmarks";
			};
			name = Release;
		};
		B86EE0E32C7F74BD00F86E3B /* Debug */ = {
			isa = XCBuildConfiguration;
			buildSettings = {
				ALWAYS_EMBED_SWIFT_STANDARD_LIBRARIES = YES;
				CODE_SIGN_STYLE = Automatic;
				CURRENT_PROJECT_VERSION = 1;
				GENERATE_INFOPLIST_FILE = YES;
				MARKETING_VERSION = 1.0;
				PRODUCT_BUNDLE_IDENTIFIER = com.learning.landmarks.LandmarksUITests;
				PRODUCT_NAME = "$(TARGET_NAME)";
				SWIFT_EMIT_LOC_STRINGS = NO;
				SWIFT_VERSION = 5.0;
				TARGETED_DEVICE_FAMILY = "1,2";
				TEST_TARGET_NAME = Landmarks;
			};
			name = Debug;
		};
		B86EE0E42C7F74BD00F86E3B /* Release */ = {
			isa = XCBuildConfiguration;
			buildSettings = {
				ALWAYS_EMBED_SWIFT_STANDARD_LIBRARIES = YES;
				CODE_SIGN_STYLE = Automatic;
				CURRENT_PROJECT_VERSION = 1;
				GENERATE_INFOPLIST_FILE = YES;
				MARKETING_VERSION = 1.0;
				PRODUCT_BUNDLE_IDENTIFIER = com.learning.landmarks.LandmarksUITests;
				PRODUCT_NAME = "$(TARGET_NAME)";
				SWIFT_EMIT_LOC_STRINGS = NO;
				SWIFT_VERSION = 5.0;
				TARGETED_DEVICE_FAMILY = "1,2";
				TEST_TARGET_NAME = Landmarks;
			};
			name = Release;
		};
/* End XCBuildConfiguration section */

/* Begin XCConfigurationList section */
		B86EE0B32C7F74B600F86E3B /* Build configuration list for PBXProject "Landmarks" */ = {
			isa = XCConfigurationList;
			buildConfigurations = (
				B86EE0DA2C7F74BD00F86E3B /* Debug */,
				B86EE0DB2C7F74BD00F86E3B /* Release */,
			);
			defaultConfigurationIsVisible = 0;
			defaultConfigurationName = Release;
		};
		B86EE0DC2C7F74BD00F86E3B /* Build configuration list for PBXNativeTarget "Landmarks" */ = {
			isa = XCConfigurationList;
			buildConfigurations = (
				B86EE0DD2C7F74BD00F86E3B /* Debug */,
				B86EE0DE2C7F74BD00F86E3B /* Release */,
			);
			defaultConfigurationIsVisible = 0;
			defaultConfigurationName = Release;
		};
		B86EE0DF2C7F74BD00F86E3B /* Build configuration list for PBXNativeTarget "LandmarksTests" */ = {
			isa = XCConfigurationList;
			buildConfigurations = (
				B86EE0E02C7F74BD00F86E3B /* Debug */,
				B86EE0E12C7F74BD00F86E3B /* Release */,
			);
			defaultConfigurationIsVisible = 0;
			defaultConfigurationName = Release;
		};
		B86EE0E22C7F74BD00F86E3B /* Build configuration list for PBXNativeTarget "LandmarksUITests" */ = {
			isa = XCConfigurationList;
			buildConfigurations = (
				B86EE0E32C7F74BD00F86E3B /* Debug */,
				B86EE0E42C7F74BD00F86E3B /* Release */,
			);
			defaultConfigurationIsVisible = 0;
			defaultConfigurationName = Release;
		};
/* End XCConfigurationList section */
	};
	rootObject = B86EE0B02C7F74B600F86E3B /* Project object */;
}
